
Microsoft Visual Studio Solution File, Format Version 12.00
# Visual Studio Version 16
VisualStudioVersion = 16.0.31019.35
MinimumVisualStudioVersion = 10.0.40219.1
Project("{FAE04EC0-301F-11D3-BF4B-00C04F79EFBC}") = "BackendHospital", "BackendHospital\BackendHospital.csproj", "{62B9259A-0F89-4D2B-93A0-8726123E4554}"
EndProject
Global
	GlobalSection(SolutionConfigurationPlatforms) = preSolution
		Debug|Any CPU = Debug|Any CPU
		Release|Any CPU = Release|Any CPU
	EndGlobalSection
	GlobalSection(ProjectConfigurationPlatforms) = postSolution
		{62B9259A-0F89-4D2B-93A0-8726123E4554}.Debug|Any CPU.ActiveCfg = Debug|Any CPU
		{62B9259A-0F89-4D2B-93A0-8726123E4554}.Debug|Any CPU.Build.0 = Debug|Any CPU
		{62B9259A-0F89-4D2B-93A0-8726123E4554}.Release|Any CPU.ActiveCfg = Release|Any CPU
		{62B9259A-0F89-4D2B-93A0-8726123E4554}.Release|Any CPU.Build.0 = Release|Any CPU
	EndGlobalSection
	GlobalSection(SolutionProperties) = preSolution
		HideSolutionNode = FALSE
	EndGlobalSection
	GlobalSection(ExtensibilityGlobals) = postSolution
		SolutionGuid = {D60488A2-76E6-4E71-ADF7-1AE430B559A7}
	EndGlobalSection
EndGlobal
